
Microsoft Visual Studio Solution File, Format Version 12.00
# Visual Studio Version 17
VisualStudioVersion = 17.12.35527.113 d17.12
MinimumVisualStudioVersion = 10.0.40219.1
Project("{FAE04EC0-301F-11D3-BF4B-00C04F79EFBC}") = "FactoryMethod", "FactoryMethod.csproj", "{369CF91A-514F-4675-99FE-28B34AA48DBC}"
EndProject
Global
	GlobalSection(SolutionConfigurationPlatforms) = preSolution
		Debug|Any CPU = Debug|Any CPU
		Release|Any CPU = Release|Any CPU
	EndGlobalSection
	GlobalSection(ProjectConfigurationPlatforms) = postSolution
		{369CF91A-514F-4675-99FE-28B34AA48DBC}.Debug|Any CPU.ActiveCfg = Debug|Any CPU
		{369CF91A-514F-4675-99FE-28B34AA48DBC}.Debug|Any CPU.Build.0 = Debug|Any CPU
		{369CF91A-514F-4675-99FE-28B34AA48DBC}.Release|Any CPU.ActiveCfg = Release|Any CPU
		{369CF91A-514F-4675-99FE-28B34AA48DBC}.Release|Any CPU.Build.0 = Release|Any CPU
	EndGlobalSection
	GlobalSection(SolutionProperties) = preSolution
		HideSolutionNode = FALSE
	EndGlobalSection
EndGlobal
